
Microsoft Visual Studio Solution File, Format Version 12.00
# Visual Studio Version 17
VisualStudioVersion = 17.3.32825.248
MinimumVisualStudioVersion = 10.0.40219.1
Project("{FAE04EC0-301F-11D3-BF4B-00C04F79EFBC}") = "LolStats", "LolStats\LolStats.csproj", "{68BF04B6-93A2-437B-989D-4D21AE43EEF0}"
EndProject
Global
	GlobalSection(SolutionConfigurationPlatforms) = preSolution
		Debug|Any CPU = Debug|Any CPU
		Release|Any CPU = Release|Any CPU
	EndGlobalSection
	GlobalSection(ProjectConfigurationPlatforms) = postSolution
		{68BF04B6-93A2-437B-989D-4D21AE43EEF0}.Debug|Any CPU.ActiveCfg = Debug|Any CPU
		{68BF04B6-93A2-437B-989D-4D21AE43EEF0}.Debug|Any CPU.Build.0 = Debug|Any CPU
		{68BF04B6-93A2-437B-989D-4D21AE43EEF0}.Release|Any CPU.ActiveCfg = Release|Any CPU
		{68BF04B6-93A2-437B-989D-4D21AE43EEF0}.Release|Any CPU.Build.0 = Release|Any CPU
	EndGlobalSection
	GlobalSection(SolutionProperties) = preSolution
		HideSolutionNode = FALSE
	EndGlobalSection
	GlobalSection(ExtensibilityGlobals) = postSolution
		SolutionGuid = {54C7CCCA-9D12-4D3B-8F2D-29D80C4B278C}
	EndGlobalSection
EndGlobal
